
Microsoft Visual Studio Solution File, Format Version 12.00
# Visual Studio 15
VisualStudioVersion = 15.0.26730.8
MinimumVisualStudioVersion = 10.0.40219.1
Project("{F184B08F-C81C-45F6-A57F-5ABD9991F28F}") = "AES_tools", "AES_tools\AES_tools.vbproj", "{1618066C-8560-4D35-9530-402F1DA1BBFA}"
EndProject
Global
	GlobalSection(SolutionConfigurationPlatforms) = preSolution
		Debug|Any CPU = Debug|Any CPU
		Release|Any CPU = Release|Any CPU
	EndGlobalSection
	GlobalSection(ProjectConfigurationPlatforms) = postSolution
		{1618066C-8560-4D35-9530-402F1DA1BBFA}.Debug|Any CPU.ActiveCfg = Debug|Any CPU
		{1618066C-8560-4D35-9530-402F1DA1BBFA}.Debug|Any CPU.Build.0 = Debug|Any CPU
		{1618066C-8560-4D35-9530-402F1DA1BBFA}.Release|Any CPU.ActiveCfg = Release|Any CPU
		{1618066C-8560-4D35-9530-402F1DA1BBFA}.Release|Any CPU.Build.0 = Release|Any CPU
	EndGlobalSection
	GlobalSection(SolutionProperties) = preSolution
		HideSolutionNode = FALSE
	EndGlobalSection
	GlobalSection(ExtensibilityGlobals) = postSolution
		SolutionGuid = {C73D5E3F-D3C1-439D-AAB6-4A5286F44747}
	EndGlobalSection
EndGlobal
